
Microsoft Visual Studio Solution File, Format Version 12.00
# Visual Studio Version 17
VisualStudioVersion = 17.2.32526.322
MinimumVisualStudioVersion = 10.0.40219.1
Project("{9A19103F-16F7-4668-BE54-9A1E7A4F7556}") = "Firs", "Firs\Firs.csproj", "{1ADF3C75-9A75-4A71-AE7F-C38AE22BDDC1}"
EndProject
Project("{9A19103F-16F7-4668-BE54-9A1E7A4F7556}") = "CodeFirst", "CodeFirst\CodeFirst.csproj", "{DC0E6A94-5D2F-4758-954F-A36416D0AF3C}"
EndProject
Project("{9A19103F-16F7-4668-BE54-9A1E7A4F7556}") = "EfCoreDataAnnotattions", "EfCoreDataAnnotattions\EfCoreDataAnnotattions.csproj", "{F7BADCDE-4969-4360-8393-4A424B93C8C6}"
EndProject
Project("{9A19103F-16F7-4668-BE54-9A1E7A4F7556}") = "EfCoreDataAnotationTekrar", "EfCoreDataAnotationTekrar\EfCoreDataAnotationTekrar.csproj", "{EC460032-7786-47C3-B6E6-6D4D9129E99C}"
EndProject
Project("{9A19103F-16F7-4668-BE54-9A1E7A4F7556}") = "EfCoreFluentApi", "EfCoreFluentApi\EfCoreFluentApi.csproj", "{F2066279-DB01-400F-89BB-E4B155BE78F6}"
EndProject
Project("{9A19103F-16F7-4668-BE54-9A1E7A4F7556}") = "EfCoreFluentApi2", "EfCoreFluentApi2\EfCoreFluentApi2.csproj", "{09317906-B76D-41E1-B9E2-05E1F50B4C5B}"
EndProject
Project("{9A19103F-16F7-4668-BE54-9A1E7A4F7556}") = "EfCoreMigrationandConfiguration", "EfCoreMigrationandConfiguration\EfCoreMigrationandConfiguration.csproj", "{ED84B453-3E02-407E-9267-CA9510733F22}"
EndProject
Project("{FAE04EC0-301F-11D3-BF4B-00C04F79EFBC}") = "EfCoreRelation", "EfCoreRelation\EfCoreRelation.csproj", "{8D38FA29-147F-480E-8CA8-3CE6114F1276}"
EndProject
Project("{FAE04EC0-301F-11D3-BF4B-00C04F79EFBC}") = "EfCoreApp_WithLoadingData", "EfCoreApp_WithLoadingData\EfCoreApp_WithLoadingData.csproj", "{0EB969D8-1C98-4C30-BC61-39366CBCFA02}"
EndProject
Global
	GlobalSection(SolutionConfigurationPlatforms) = preSolution
		Debug|Any CPU = Debug|Any CPU
		Release|Any CPU = Release|Any CPU
	EndGlobalSection
	GlobalSection(ProjectConfigurationPlatforms) = postSolution
		{1ADF3C75-9A75-4A71-AE7F-C38AE22BDDC1}.Debug|Any CPU.ActiveCfg = Debug|Any CPU
		{1ADF3C75-9A75-4A71-AE7F-C38AE22BDDC1}.Debug|Any CPU.Build.0 = Debug|Any CPU
		{1ADF3C75-9A75-4A71-AE7F-C38AE22BDDC1}.Release|Any CPU.ActiveCfg = Release|Any CPU
		{1ADF3C75-9A75-4A71-AE7F-C38AE22BDDC1}.Release|Any CPU.Build.0 = Release|Any CPU
		{DC0E6A94-5D2F-4758-954F-A36416D0AF3C}.Debug|Any CPU.ActiveCfg = Debug|Any CPU
		{DC0E6A94-5D2F-4758-954F-A36416D0AF3C}.Debug|Any CPU.Build.0 = Debug|Any CPU
		{DC0E6A94-5D2F-4758-954F-A36416D0AF3C}.Release|Any CPU.ActiveCfg = Release|Any CPU
		{DC0E6A94-5D2F-4758-954F-A36416D0AF3C}.Release|Any CPU.Build.0 = Release|Any CPU
		{F7BADCDE-4969-4360-8393-4A424B93C8C6}.Debug|Any CPU.ActiveCfg = Debug|Any CPU
		{F7BADCDE-4969-4360-8393-4A424B93C8C6}.Debug|Any CPU.Build.0 = Debug|Any CPU
		{F7BADCDE-4969-4360-8393-4A424B93C8C6}.Release|Any CPU.ActiveCfg = Release|Any CPU
		{F7BADCDE-4969-4360-8393-4A424B93C8C6}.Release|Any CPU.Build.0 = Release|Any CPU
		{EC460032-7786-47C3-B6E6-6D4D9129E99C}.Debug|Any CPU.ActiveCfg = Debug|Any CPU
		{EC460032-7786-47C3-B6E6-6D4D9129E99C}.Debug|Any CPU.Build.0 = Debug|Any CPU
		{EC460032-7786-47C3-B6E6-6D4D9129E99C}.Release|Any CPU.ActiveCfg = Release|Any CPU
		{EC460032-7786-47C3-B6E6-6D4D9129E99C}.Release|Any CPU.Build.0 = Release|Any CPU
		{F2066279-DB01-400F-89BB-E4B155BE78F6}.Debug|Any CPU.ActiveCfg = Debug|Any CPU
		{F2066279-DB01-400F-89BB-E4B155BE78F6}.Debug|Any CPU.Build.0 = Debug|Any CPU
		{F2066279-DB01-400F-89BB-E4B155BE78F6}.Release|Any CPU.ActiveCfg = Release|Any CPU
		{F2066279-DB01-400F-89BB-E4B155BE78F6}.Release|Any CPU.Build.0 = Release|Any CPU
		{09317906-B76D-41E1-B9E2-05E1F50B4C5B}.Debug|Any CPU.ActiveCfg = Debug|Any CPU
		{09317906-B76D-41E1-B9E2-05E1F50B4C5B}.Debug|Any CPU.Build.0 = Debug|Any CPU
		{09317906-B76D-41E1-B9E2-05E1F50B4C5B}.Release|Any CPU.ActiveCfg = Release|Any CPU
		{09317906-B76D-41E1-B9E2-05E1F50B4C5B}.Release|Any CPU.Build.0 = Release|Any CPU
		{ED84B453-3E02-407E-9267-CA9510733F22}.Debug|Any CPU.ActiveCfg = Debug|Any CPU
		{ED84B453-3E02-407E-9267-CA9510733F22}.Debug|Any CPU.Build.0 = Debug|Any CPU
		{ED84B453-3E02-407E-9267-CA9510733F22}.Release|Any CPU.ActiveCfg = Release|Any CPU
		{ED84B453-3E02-407E-9267-CA9510733F22}.Release|Any CPU.Build.0 = Release|Any CPU
		{8D38FA29-147F-480E-8CA8-3CE6114F1276}.Debug|Any CPU.ActiveCfg = Debug|Any CPU
		{8D38FA29-147F-480E-8CA8-3CE6114F1276}.Debug|Any CPU.Build.0 = Debug|Any CPU
		{8D38FA29-147F-480E-8CA8-3CE6114F1276}.Release|Any CPU.ActiveCfg = Release|Any CPU
		{8D38FA29-147F-480E-8CA8-3CE6114F1276}.Release|Any CPU.Build.0 = Release|Any CPU
		{0EB969D8-1C98-4C30-BC61-39366CBCFA02}.Debug|Any CPU.ActiveCfg = Debug|Any CPU
		{0EB969D8-1C98-4C30-BC61-39366CBCFA02}.Debug|Any CPU.Build.0 = Debug|Any CPU
		{0EB969D8-1C98-4C30-BC61-39366CBCFA02}.Release|Any CPU.ActiveCfg = Release|Any CPU
		{0EB969D8-1C98-4C30-BC61-39366CBCFA02}.Release|Any CPU.Build.0 = Release|Any CPU
	EndGlobalSection
	GlobalSection(SolutionProperties) = preSolution
		HideSolutionNode = FALSE
	EndGlobalSection
	GlobalSection(ExtensibilityGlobals) = postSolution
		SolutionGuid = {01EB5C38-AC8F-49DE-BFC0-84582226B3D3}
	EndGlobalSection
EndGlobal
