
Microsoft Visual Studio Solution File, Format Version 12.00
# Visual Studio Version 17
VisualStudioVersion = 17.2.32526.322
MinimumVisualStudioVersion = 10.0.40219.1
Project("{FAE04EC0-301F-11D3-BF4B-00C04F79EFBC}") = "Firs", "Firs\Firs.csproj", "{1ADF3C75-9A75-4A71-AE7F-C38AE22BDDC1}"
EndProject
Project("{FAE04EC0-301F-11D3-BF4B-00C04F79EFBC}") = "CodeFirst", "CodeFirst\CodeFirst.csproj", "{DC0E6A94-5D2F-4758-954F-A36416D0AF3C}"
EndProject
Project("{FAE04EC0-301F-11D3-BF4B-00C04F79EFBC}") = "EfCoreDataAnnotattions", "EfCoreDataAnnotattions\EfCoreDataAnnotattions.csproj", "{F7BADCDE-4969-4360-8393-4A424B93C8C6}"
EndProject
Global
	GlobalSection(SolutionConfigurationPlatforms) = preSolution
		Debug|Any CPU = Debug|Any CPU
		Release|Any CPU = Release|Any CPU
	EndGlobalSection
	GlobalSection(ProjectConfigurationPlatforms) = postSolution
		{1ADF3C75-9A75-4A71-AE7F-C38AE22BDDC1}.Debug|Any CPU.ActiveCfg = Debug|Any CPU
		{1ADF3C75-9A75-4A71-AE7F-C38AE22BDDC1}.Debug|Any CPU.Build.0 = Debug|Any CPU
		{1ADF3C75-9A75-4A71-AE7F-C38AE22BDDC1}.Release|Any CPU.ActiveCfg = Release|Any CPU
		{1ADF3C75-9A75-4A71-AE7F-C38AE22BDDC1}.Release|Any CPU.Build.0 = Release|Any CPU
		{DC0E6A94-5D2F-4758-954F-A36416D0AF3C}.Debug|Any CPU.ActiveCfg = Debug|Any CPU
		{DC0E6A94-5D2F-4758-954F-A36416D0AF3C}.Debug|Any CPU.Build.0 = Debug|Any CPU
		{DC0E6A94-5D2F-4758-954F-A36416D0AF3C}.Release|Any CPU.ActiveCfg = Release|Any CPU
		{DC0E6A94-5D2F-4758-954F-A36416D0AF3C}.Release|Any CPU.Build.0 = Release|Any CPU
		{F7BADCDE-4969-4360-8393-4A424B93C8C6}.Debug|Any CPU.ActiveCfg = Debug|Any CPU
		{F7BADCDE-4969-4360-8393-4A424B93C8C6}.Debug|Any CPU.Build.0 = Debug|Any CPU
		{F7BADCDE-4969-4360-8393-4A424B93C8C6}.Release|Any CPU.ActiveCfg = Release|Any CPU
		{F7BADCDE-4969-4360-8393-4A424B93C8C6}.Release|Any CPU.Build.0 = Release|Any CPU
	EndGlobalSection
	GlobalSection(SolutionProperties) = preSolution
		HideSolutionNode = FALSE
	EndGlobalSection
	GlobalSection(ExtensibilityGlobals) = postSolution
		SolutionGuid = {01EB5C38-AC8F-49DE-BFC0-84582226B3D3}
	EndGlobalSection
EndGlobal
